Microsoft Visual Studio Solution File, Format Version 12.00
# Visual Studio Version 17
VisualStudioVersion = 17.5.2.0
MinimumVisualStudioVersion = 10.0.40219.1
Project("{FAE04EC0-301F-11D3-BF4B-00C04F79EFBC}") = "PolyBotApi", "PolyBotApi\PolyBotApi.csproj", "{3F7BDDA8-8401-0E5D-9219-6D247ED8D518}"
EndProject
Global
	GlobalSection(SolutionConfigurationPlatforms) = preSolution
		Debug|Any CPU = Debug|Any CPU
		Release|Any CPU = Release|Any CPU
	EndGlobalSection
	GlobalSection(ProjectConfigurationPlatforms) = postSolution
		{3F7BDDA8-8401-0E5D-9219-6D247ED8D518}.Debug|Any CPU.ActiveCfg = Debug|Any CPU
		{3F7BDDA8-8401-0E5D-9219-6D247ED8D518}.Debug|Any CPU.Build.0 = Debug|Any CPU
		{3F7BDDA8-8401-0E5D-9219-6D247ED8D518}.Release|Any CPU.ActiveCfg = Release|Any CPU
		{3F7BDDA8-8401-0E5D-9219-6D247ED8D518}.Release|Any CPU.Build.0 = Release|Any CPU
	EndGlobalSection
	GlobalSection(SolutionProperties) = preSolution
		HideSolutionNode = FALSE
	EndGlobalSection
	GlobalSection(ExtensibilityGlobals) = postSolution
		SolutionGuid = {E207C670-94CE-45A8-A1BE-7CC5DC23C02C}
	EndGlobalSection
EndGlobal
